github.com/anotherhadi/ansi v1.0.3 h1:DFki0JGkfXog6Co3/MFVgNbMCgongdorqJV/PpG7ISQ=
github.com/anotherhadi/ansi v1.0.3/go.mod h1:vDrlk40zR0HIFM85dYTB5dap0RxL/2hVeUnfjzJho2I=
github.com/anotherhadi/getchar v1.0.1 h1:I1+RMx7SBXWTY6RJ/pzlblNuzbHgqTgbG1zAnbSd+Kc=
github.com/anotherhadi/getchar v1.0.1/go.mod h1:EkUeJfUjybi6m9IDnBNPlo4l+NjdJzttkJwyKrYs7Kk=
github.com/pkg/term v1.1.0 h1:xIAAdCMh3QIAy+5FrE8Ad8XoDhEU4ufwbaSozViP9kk=
github.com/pkg/term v1.1.0/go.mod h1:E25nymQcrSllhX42Ok8MRm1+hyBdHY0dCeiKZ9jpNGw=
golang.org/x/sys v0.0.0-20200909081042-eff7692f9009/go.mod h1:h1NjWce9XRLGQEsW7wpKNCjG9DtNlClVuFLEZdDNbEs=
golang.org/x/sys v0.11.0 h1:eG7RXZHdqOJ1i+0lgLgCpSXAp6M3LYlAo6osgSi0xOM=
golang.org/x/sys v0.11.0/go.mod h1:oPkhp1MJrh7nUepCBck5+mAzfO9JrbApNNgaTdGDITg=
